
Microsoft Visual Studio Solution File, Format Version 12.00
# Visual Studio Version 17
VisualStudioVersion = 17.12.35527.113 d17.12
MinimumVisualStudioVersion = 10.0.40219.1
Project("{FAE04EC0-301F-11D3-BF4B-00C04F79EFBC}") = "Berger.Extensions.Twilio", "Berger.Extensions.Twilio\Berger.Extensions.Twilio.csproj", "{0840ECF3-7D97-4381-A50E-FF3A9E144FD9}"
EndProject
Project("{2150E333-8FDC-42A3-9474-1A3956D46DE8}") = "src", "src", "{1B8B8793-FBED-4AA5-91D2-F92D03B5C363}"
EndProject
Global
	GlobalSection(SolutionConfigurationPlatforms) = preSolution
		Debug|Any CPU = Debug|Any CPU
		Release|Any CPU = Release|Any CPU
	EndGlobalSection
	GlobalSection(ProjectConfigurationPlatforms) = postSolution
		{0840ECF3-7D97-4381-A50E-FF3A9E144FD9}.Debug|Any CPU.ActiveCfg = Debug|Any CPU
		{0840ECF3-7D97-4381-A50E-FF3A9E144FD9}.Debug|Any CPU.Build.0 = Debug|Any CPU
		{0840ECF3-7D97-4381-A50E-FF3A9E144FD9}.Release|Any CPU.ActiveCfg = Release|Any CPU
		{0840ECF3-7D97-4381-A50E-FF3A9E144FD9}.Release|Any CPU.Build.0 = Release|Any CPU
	EndGlobalSection
	GlobalSection(SolutionProperties) = preSolution
		HideSolutionNode = FALSE
	EndGlobalSection
	GlobalSection(NestedProjects) = preSolution
		{0840ECF3-7D97-4381-A50E-FF3A9E144FD9} = {1B8B8793-FBED-4AA5-91D2-F92D03B5C363}
	EndGlobalSection
EndGlobal
